PODS:
  - Alamofire (5.4.1)
  - AlamofireImage (4.1.0):
    - Alamofire (~> 5.1)
  - PinkyPromise (0.7.1)

DEPENDENCIES:
  - AlamofireImage
  - PinkyPromise

SPEC REPOS:
  trunk:
    - Alamofire
    - AlamofireImage
    - PinkyPromise

SPEC CHECKSUMS:
  Alamofire: 2291f7d21ca607c491dd17642e5d40fdcda0e65c
  AlamofireImage: c4a2ba349885fb3064feb74d2e547bd42ce9be10
  PinkyPromise: 55869bc3e8c5baab7bcd5201c608bac4ce6621ec

PODFILE CHECKSUM: 068b8646eedbdb61e2c6ac23c72256bec9b2e7d4

COCOAPODS: 1.10.1
